
Microsoft Visual Studio Solution File, Format Version 12.00
# Visual Studio Version 17
VisualStudioVersion = 17.4.33213.308
MinimumVisualStudioVersion = 10.0.40219.1
Project("{8BC9CEB8-8B4A-11D0-8D11-00A0C91BC942}") = "dinput8", "dinput8\dinput8.vcxproj", "{F206F79B-8250-4778-B07A-B940DF6EA875}"
EndProject
Project("{8BC9CEB8-8B4A-11D0-8D11-00A0C91BC942}") = "add_item_mod", "..\mods\add_item_mod\add_item_mod.vcxproj", "{AABBCCDD-1122-3344-5566-778899001122}"
EndProject
Project("{8BC9CEB8-8B4A-11D0-8D11-00A0C91BC942}") = "hook_logger_mod", "..\mods\hook_logger_mod\hook_logger_mod.vcxproj", "{B1C2D3E4-F5A6-7B8C-9D0E-1F2A3B4C5D6E}"
EndProject
Project("{8BC9CEB8-8B4A-11D0-8D11-00A0C91BC942}") = "cancel_vanilla_add_item_mod", "..\mods\cancel_vanilla_add_item_mod\cancel_vanilla_add_item_mod.vcxproj", "{C2D3E4F5-A6B7-8C9D-0E1F-2A3B4C5D6E7F}"
EndProject
Project("{8BC9CEB8-8B4A-11D0-8D11-00A0C91BC942}") = "function_dumper_mod", "..\mods\function_dumper_mod\function_dumper_mod.vcxproj", "{D4E5F6A7-B8C9-0D1E-2F3A-4B5C6D7E8F9A}"
EndProject
Project("{8BC9CEB8-8B4A-11D0-8D11-00A0C91BC942}") = "batch_test_mod", "..\mods\batch_test_mod\batch_test_mod.vcxproj", "{E5F6A7B8-C9D0-1E2F-3A4B-5C6D7E8F9A0B}"
EndProject
Global
	GlobalSection(SolutionConfigurationPlatforms) = preSolution
		Debug|x64 = Debug|x64
		Debug|x86 = Debug|x86
		Release|x64 = Release|x64
		Release|x86 = Release|x86
	EndGlobalSection
	GlobalSection(ProjectConfigurationPlatforms) = postSolution
		{F206F79B-8250-4778-B07A-B940DF6EA875}.Debug|x64.ActiveCfg = Debug|x64
		{F206F79B-8250-4778-B07A-B940DF6EA875}.Debug|x64.Build.0 = Debug|x64
		{F206F79B-8250-4778-B07A-B940DF6EA875}.Debug|x86.ActiveCfg = Debug|Win32
		{F206F79B-8250-4778-B07A-B940DF6EA875}.Debug|x86.Build.0 = Debug|Win32
		{F206F79B-8250-4778-B07A-B940DF6EA875}.Release|x64.ActiveCfg = Release|x64
		{F206F79B-8250-4778-B07A-B940DF6EA875}.Release|x64.Build.0 = Release|x64
		{F206F79B-8250-4778-B07A-B940DF6EA875}.Release|x86.ActiveCfg = Release|Win32
		{F206F79B-8250-4778-B07A-B940DF6EA875}.Release|x86.Build.0 = Release|Win32
		{AABBCCDD-1122-3344-5566-778899001122}.Debug|x64.ActiveCfg = Debug|x64
		{AABBCCDD-1122-3344-5566-778899001122}.Debug|x64.Build.0 = Debug|x64
		{AABBCCDD-1122-3344-5566-778899001122}.Debug|x86.ActiveCfg = Debug|Win32
		{AABBCCDD-1122-3344-5566-778899001122}.Debug|x86.Build.0 = Debug|Win32
		{AABBCCDD-1122-3344-5566-778899001122}.Release|x64.ActiveCfg = Release|x64
		{AABBCCDD-1122-3344-5566-778899001122}.Release|x64.Build.0 = Release|x64
		{AABBCCDD-1122-3344-5566-778899001122}.Release|x86.ActiveCfg = Release|Win32
		{AABBCCDD-1122-3344-5566-778899001122}.Release|x86.Build.0 = Release|Win32
		{B1C2D3E4-F5A6-7B8C-9D0E-1F2A3B4C5D6E}.Debug|x64.ActiveCfg = Debug|x64
		{B1C2D3E4-F5A6-7B8C-9D0E-1F2A3B4C5D6E}.Debug|x64.Build.0 = Debug|x64
		{B1C2D3E4-F5A6-7B8C-9D0E-1F2A3B4C5D6E}.Debug|x86.ActiveCfg = Debug|Win32
		{B1C2D3E4-F5A6-7B8C-9D0E-1F2A3B4C5D6E}.Debug|x86.Build.0 = Debug|Win32
		{B1C2D3E4-F5A6-7B8C-9D0E-1F2A3B4C5D6E}.Release|x64.ActiveCfg = Release|x64
		{B1C2D3E4-F5A6-7B8C-9D0E-1F2A3B4C5D6E}.Release|x64.Build.0 = Release|x64
		{B1C2D3E4-F5A6-7B8C-9D0E-1F2A3B4C5D6E}.Release|x86.ActiveCfg = Release|Win32
		{B1C2D3E4-F5A6-7B8C-9D0E-1F2A3B4C5D6E}.Release|x86.Build.0 = Release|Win32
		{C2D3E4F5-A6B7-8C9D-0E1F-2A3B4C5D6E7F}.Debug|x64.ActiveCfg = Debug|x64
		{C2D3E4F5-A6B7-8C9D-0E1F-2A3B4C5D6E7F}.Debug|x64.Build.0 = Debug|x64
		{C2D3E4F5-A6B7-8C9D-0E1F-2A3B4C5D6E7F}.Debug|x86.ActiveCfg = Debug|Win32
		{C2D3E4F5-A6B7-8C9D-0E1F-2A3B4C5D6E7F}.Debug|x86.Build.0 = Debug|Win32
		{C2D3E4F5-A6B7-8C9D-0E1F-2A3B4C5D6E7F}.Release|x64.ActiveCfg = Release|x64
		{C2D3E4F5-A6B7-8C9D-0E1F-2A3B4C5D6E7F}.Release|x64.Build.0 = Release|x64
		{C2D3E4F5-A6B7-8C9D-0E1F-2A3B4C5D6E7F}.Release|x86.ActiveCfg = Release|Win32
		{C2D3E4F5-A6B7-8C9D-0E1F-2A3B4C5D6E7F}.Release|x86.Build.0 = Release|Win32
		{D4E5F6A7-B8C9-0D1E-2F3A-4B5C6D7E8F9A}.Debug|x64.ActiveCfg = Debug|x64
		{D4E5F6A7-B8C9-0D1E-2F3A-4B5C6D7E8F9A}.Debug|x64.Build.0 = Debug|x64
		{D4E5F6A7-B8C9-0D1E-2F3A-4B5C6D7E8F9A}.Debug|x86.ActiveCfg = Debug|Win32
		{D4E5F6A7-B8C9-0D1E-2F3A-4B5C6D7E8F9A}.Debug|x86.Build.0 = Debug|Win32
		{D4E5F6A7-B8C9-0D1E-2F3A-4B5C6D7E8F9A}.Release|x64.ActiveCfg = Release|x64
		{D4E5F6A7-B8C9-0D1E-2F3A-4B5C6D7E8F9A}.Release|x64.Build.0 = Release|x64
		{D4E5F6A7-B8C9-0D1E-2F3A-4B5C6D7E8F9A}.Release|x86.ActiveCfg = Release|Win32
		{D4E5F6A7-B8C9-0D1E-2F3A-4B5C6D7E8F9A}.Release|x86.Build.0 = Release|Win32
		{E5F6A7B8-C9D0-1E2F-3A4B-5C6D7E8F9A0B}.Debug|x64.ActiveCfg = Debug|x64
		{E5F6A7B8-C9D0-1E2F-3A4B-5C6D7E8F9A0B}.Debug|x64.Build.0 = Debug|x64
		{E5F6A7B8-C9D0-1E2F-3A4B-5C6D7E8F9A0B}.Debug|x86.ActiveCfg = Debug|Win32
		{E5F6A7B8-C9D0-1E2F-3A4B-5C6D7E8F9A0B}.Debug|x86.Build.0 = Debug|Win32
		{E5F6A7B8-C9D0-1E2F-3A4B-5C6D7E8F9A0B}.Release|x64.ActiveCfg = Release|x64
		{E5F6A7B8-C9D0-1E2F-3A4B-5C6D7E8F9A0B}.Release|x64.Build.0 = Release|x64
		{E5F6A7B8-C9D0-1E2F-3A4B-5C6D7E8F9A0B}.Release|x86.ActiveCfg = Release|Win32
		{E5F6A7B8-C9D0-1E2F-3A4B-5C6D7E8F9A0B}.Release|x86.Build.0 = Release|Win32
	EndGlobalSection
	GlobalSection(SolutionProperties) = preSolution
		HideSolutionNode = FALSE
	EndGlobalSection
EndGlobal
